{
	"name": "test13",
	"lockfileVersion": 2,
	"requires": true,
	"packages": {
		"": {
			"dependencies": {
				"@gov.au/pancake-js": "npm:undefined@*",
				"@gov.au/pancake-react": "npm:undefined@*",
				"@gov.au/pancake-sass": "npm:undefined@*"
			}
		},
		"node_modules/@gov.au/pancake-js": {},
		"node_modules/@gov.au/pancake-react": {},
		"node_modules/@gov.au/pancake-sass": {}
	},
	"dependencies": {
		"@gov.au/pancake-js": {},
		"@gov.au/pancake-react": {},
		"@gov.au/pancake-sass": {}
	}
}
